<?xml version="1.0" encoding="utf-8"?>
<Project ToolsVersion="4.0" xmlns="http://schemas.microsoft.com/developer/msbuild/2003">
  <ItemGroup>
    <Filter Include="소스 파일">
      <UniqueIdentifier>{4FC737F1-C7A5-4376-A066-2A32D752A2FF}</UniqueIdentifier>
      <Extensions>cpp;c;cc;cxx;c++;def;odl;idl;hpj;bat;asm;asmx</Extensions>
    </Filter>
    <Filter Include="헤더 파일">
      <UniqueIdentifier>{93995380-89BD-4b04-88EB-625FBE52EBFB}</UniqueIdentifier>
      <Extensions>h;hh;hpp;hxx;h++;hm;inl;inc;ipp;xsd</Extensions>
    </Filter>
    <Filter Include="리소스 파일">
      <UniqueIdentifier>{67DA6AB6-F800-4c08-8B7A-83BB121AAD01}</UniqueIdentifier>
      <Extensions>rc;ico;cur;bmp;dlg;rc2;rct;bin;rgs;gif;jpg;jpeg;jpe;resx;tiff;tif;png;wav;mfcribbon-ms</Extensions>
    </Filter>
  </ItemGroup>
  <ItemGroup>
    <ClInclude Include="Resource.h">
      <Filter>헤더 파일</Filter>
    </ClInclude>
    <ClInclude Include="game\main.h">
      <Filter>헤더 파일</Filter>
    </ClInclude>
    <ClInclude Include="lib\iStd.h">
      <Filter>헤더 파일</Filter>
    </ClInclude>
    <ClInclude Include="lib\iGraphics.h">
      <Filter>헤더 파일</Filter>
    </ClInclude>
    <ClInclude Include="lib\iOpenGL.h">
      <Filter>헤더 파일</Filter>
    </ClInclude>
    <ClInclude Include="game\game.h">
      <Filter>헤더 파일</Filter>
    </ClInclude>
    <ClInclude Include="lib\iType.h">
      <Filter>헤더 파일</Filter>
    </ClInclude>
    <ClInclude Include="lib\iPoint.h">
      <Filter>헤더 파일</Filter>
    </ClInclude>
    <ClInclude Include="lib\iSize.h">
      <Filter>헤더 파일</Filter>
    </ClInclude>
    <ClInclude Include="lib\iRect.h">
      <Filter>헤더 파일</Filter>
    </ClInclude>
    <ClInclude Include="lib\iPopup.h">
      <Filter>헤더 파일</Filter>
    </ClInclude>
    <ClInclude Include="lib\iArray.h">
      <Filter>헤더 파일</Filter>
    </ClInclude>
    <ClInclude Include="lib\iImage.h">
      <Filter>헤더 파일</Filter>
    </ClInclude>
    <ClInclude Include="lib\iString.h">
      <Filter>헤더 파일</Filter>
    </ClInclude>
    <ClInclude Include="lib\iColor.h">
      <Filter>헤더 파일</Filter>
    </ClInclude>
    <ClInclude Include="lib\iSort.h">
      <Filter>헤더 파일</Filter>
    </ClInclude>
    <ClInclude Include="lib\iFPS.h">
      <Filter>헤더 파일</Filter>
    </ClInclude>
    <ClInclude Include="lib\iStrTex.h">
      <Filter>헤더 파일</Filter>
    </ClInclude>
    <ClInclude Include="lib\iOpenAL.h">
      <Filter>헤더 파일</Filter>
    </ClInclude>
    <ClInclude Include="game\sceneManager.h">
      <Filter>헤더 파일</Filter>
    </ClInclude>
    <ClInclude Include="game\intro.h">
      <Filter>헤더 파일</Filter>
    </ClInclude>
    <ClInclude Include="game\menu.h">
      <Filter>헤더 파일</Filter>
    </ClInclude>
    <ClInclude Include="lib\iVideo.h">
      <Filter>헤더 파일</Filter>
    </ClInclude>
    <ClInclude Include="game\trailer.h">
      <Filter>헤더 파일</Filter>
    </ClInclude>
    <ClInclude Include="game\stage.h">
      <Filter>헤더 파일</Filter>
    </ClInclude>
    <ClInclude Include="game\ending.h">
      <Filter>헤더 파일</Filter>
    </ClInclude>
    <ClInclude Include="GameObject\stageTileInfo.h">
      <Filter>헤더 파일</Filter>
    </ClInclude>
    <ClInclude Include="GameObject\Parents\Object.h">
      <Filter>헤더 파일</Filter>
    </ClInclude>
    <ClInclude Include="GameObject\Parents\Monster.h">
      <Filter>헤더 파일</Filter>
    </ClInclude>
    <ClInclude Include="GameObject\Enemy\Orc.h">
      <Filter>헤더 파일</Filter>
    </ClInclude>
    <ClInclude Include="GameObject\PlayerCharacter\Player.h">
      <Filter>헤더 파일</Filter>
    </ClInclude>
    <ClInclude Include="lib\iShortestPath.h">
      <Filter>헤더 파일</Filter>
    </ClInclude>
  </ItemGroup>
  <ItemGroup>
    <ResourceCompile Include="OpenGL-portfolio.rc">
      <Filter>리소스 파일</Filter>
    </ResourceCompile>
  </ItemGroup>
  <ItemGroup>
    <Image Include="small.ico">
      <Filter>리소스 파일</Filter>
    </Image>
    <Image Include="OpenGL-portfolio.ico">
      <Filter>리소스 파일</Filter>
    </Image>
  </ItemGroup>
  <ItemGroup>
    <ClCompile Include="game\main.cpp">
      <Filter>소스 파일</Filter>
    </ClCompile>
    <ClCompile Include="lib\iStd.cpp">
      <Filter>소스 파일</Filter>
    </ClCompile>
    <ClCompile Include="lib\iGraphics.cpp">
      <Filter>소스 파일</Filter>
    </ClCompile>
    <ClCompile Include="game\glew.c">
      <Filter>소스 파일</Filter>
    </ClCompile>
    <ClCompile Include="lib\iOpenGL.cpp">
      <Filter>소스 파일</Filter>
    </ClCompile>
    <ClCompile Include="game\game.cpp">
      <Filter>소스 파일</Filter>
    </ClCompile>
    <ClCompile Include="lib\iPoint.cpp">
      <Filter>소스 파일</Filter>
    </ClCompile>
    <ClCompile Include="lib\iSize.cpp">
      <Filter>소스 파일</Filter>
    </ClCompile>
    <ClCompile Include="lib\iRect.cpp">
      <Filter>소스 파일</Filter>
    </ClCompile>
    <ClCompile Include="lib\iPopup.cpp">
      <Filter>소스 파일</Filter>
    </ClCompile>
    <ClCompile Include="lib\iArray.cpp">
      <Filter>소스 파일</Filter>
    </ClCompile>
    <ClCompile Include="lib\iImage.cpp">
      <Filter>소스 파일</Filter>
    </ClCompile>
    <ClCompile Include="lib\iString.cpp">
      <Filter>소스 파일</Filter>
    </ClCompile>
    <ClCompile Include="lib\iColor.cpp">
      <Filter>소스 파일</Filter>
    </ClCompile>
    <ClCompile Include="lib\iSort.cpp">
      <Filter>소스 파일</Filter>
    </ClCompile>
    <ClCompile Include="lib\iFPS.cpp">
      <Filter>소스 파일</Filter>
    </ClCompile>
    <ClCompile Include="lib\iStrTex.cpp">
      <Filter>소스 파일</Filter>
    </ClCompile>
    <ClCompile Include="lib\iOpenAL.cpp">
      <Filter>소스 파일</Filter>
    </ClCompile>
    <ClCompile Include="game\sceneManager.cpp">
      <Filter>소스 파일</Filter>
    </ClCompile>
    <ClCompile Include="game\intro.cpp">
      <Filter>소스 파일</Filter>
    </ClCompile>
    <ClCompile Include="game\menu.cpp">
      <Filter>소스 파일</Filter>
    </ClCompile>
    <ClCompile Include="lib\iVideo.cpp">
      <Filter>소스 파일</Filter>
    </ClCompile>
    <ClCompile Include="game\trailer.cpp">
      <Filter>소스 파일</Filter>
    </ClCompile>
    <ClCompile Include="game\stage.cpp">
      <Filter>소스 파일</Filter>
    </ClCompile>
    <ClCompile Include="game\ending.cpp">
      <Filter>소스 파일</Filter>
    </ClCompile>
    <ClCompile Include="GameObject\Parents\Object.cpp">
      <Filter>소스 파일</Filter>
    </ClCompile>
    <ClCompile Include="GameObject\Parents\Monster.cpp">
      <Filter>소스 파일</Filter>
    </ClCompile>
    <ClCompile Include="GameObject\Enemy\Orc.cpp">
      <Filter>소스 파일</Filter>
    </ClCompile>
    <ClCompile Include="GameObject\PlayerCharacter\Player.cpp">
      <Filter>소스 파일</Filter>
    </ClCompile>
    <ClCompile Include="lib\iShortestPath.cpp">
      <Filter>소스 파일</Filter>
    </ClCompile>
  </ItemGroup>
  <ItemGroup>
    <None Include=".editorconfig" />
    <None Include="assets\video\intro.avi" />
  </ItemGroup>
</Project>